
Microsoft Visual Studio Solution File, Format Version 12.00
# Visual Studio 15
VisualStudioVersion = 15.0.28307.779
MinimumVisualStudioVersion = 10.0.40219.1
Project("{9A19103F-16F7-4668-BE54-9A1E7A4F7556}") = "1. Stealer", "1. Stealer\1. Stealer.csproj", "{EF826A29-E13F-49A6-B9C8-8CC9AEECA6E0}"
EndProject
Project("{FAE04EC0-301F-11D3-BF4B-00C04F79EFBC}") = "2. High Quality Mistakes", "2. High Quality Mistakes\2. High Quality Mistakes.csproj", "{7FE90CFD-0672-4BDE-9E34-D097BB1763DC}"
EndProject
Project("{FAE04EC0-301F-11D3-BF4B-00C04F79EFBC}") = "3. Mission Private Impossible", "3. Mission Private Impossible\3. Mission Private Impossible.csproj", "{50D761A4-A89B-411B-99F2-4DB247CAFE47}"
EndProject
Project("{FAE04EC0-301F-11D3-BF4B-00C04F79EFBC}") = "4. Collector", "4. Collector\4. Collector.csproj", "{C538C3CA-D599-4B8C-9202-D5D4E59E0249}"
EndProject
Project("{FAE04EC0-301F-11D3-BF4B-00C04F79EFBC}") = "5. Create Attribute", "5. Create Attribute\5. Create Attribute.csproj", "{C8FCD15F-F058-4233-AC8E-077166A6CAE2}"
EndProject
Project("{FAE04EC0-301F-11D3-BF4B-00C04F79EFBC}") = "6. Coding Tracker", "6. Coding Tracker\6. Coding Tracker.csproj", "{C46ED3F9-277E-4945-8FF1-A6935E4EBCAC}"
EndProject
Global
	GlobalSection(SolutionConfigurationPlatforms) = preSolution
		Debug|Any CPU = Debug|Any CPU
		Release|Any CPU = Release|Any CPU
	EndGlobalSection
	GlobalSection(ProjectConfigurationPlatforms) = postSolution
		{EF826A29-E13F-49A6-B9C8-8CC9AEECA6E0}.Debug|Any CPU.ActiveCfg = Debug|Any CPU
		{EF826A29-E13F-49A6-B9C8-8CC9AEECA6E0}.Debug|Any CPU.Build.0 = Debug|Any CPU
		{EF826A29-E13F-49A6-B9C8-8CC9AEECA6E0}.Release|Any CPU.ActiveCfg = Release|Any CPU
		{EF826A29-E13F-49A6-B9C8-8CC9AEECA6E0}.Release|Any CPU.Build.0 = Release|Any CPU
		{7FE90CFD-0672-4BDE-9E34-D097BB1763DC}.Debug|Any CPU.ActiveCfg = Debug|Any CPU
		{7FE90CFD-0672-4BDE-9E34-D097BB1763DC}.Debug|Any CPU.Build.0 = Debug|Any CPU
		{7FE90CFD-0672-4BDE-9E34-D097BB1763DC}.Release|Any CPU.ActiveCfg = Release|Any CPU
		{7FE90CFD-0672-4BDE-9E34-D097BB1763DC}.Release|Any CPU.Build.0 = Release|Any CPU
		{50D761A4-A89B-411B-99F2-4DB247CAFE47}.Debug|Any CPU.ActiveCfg = Debug|Any CPU
		{50D761A4-A89B-411B-99F2-4DB247CAFE47}.Debug|Any CPU.Build.0 = Debug|Any CPU
		{50D761A4-A89B-411B-99F2-4DB247CAFE47}.Release|Any CPU.ActiveCfg = Release|Any CPU
		{50D761A4-A89B-411B-99F2-4DB247CAFE47}.Release|Any CPU.Build.0 = Release|Any CPU
		{C538C3CA-D599-4B8C-9202-D5D4E59E0249}.Debug|Any CPU.ActiveCfg = Debug|Any CPU
		{C538C3CA-D599-4B8C-9202-D5D4E59E0249}.Debug|Any CPU.Build.0 = Debug|Any CPU
		{C538C3CA-D599-4B8C-9202-D5D4E59E0249}.Release|Any CPU.ActiveCfg = Release|Any CPU
		{C538C3CA-D599-4B8C-9202-D5D4E59E0249}.Release|Any CPU.Build.0 = Release|Any CPU
		{C8FCD15F-F058-4233-AC8E-077166A6CAE2}.Debug|Any CPU.ActiveCfg = Debug|Any CPU
		{C8FCD15F-F058-4233-AC8E-077166A6CAE2}.Debug|Any CPU.Build.0 = Debug|Any CPU
		{C8FCD15F-F058-4233-AC8E-077166A6CAE2}.Release|Any CPU.ActiveCfg = Release|Any CPU
		{C8FCD15F-F058-4233-AC8E-077166A6CAE2}.Release|Any CPU.Build.0 = Release|Any CPU
		{C46ED3F9-277E-4945-8FF1-A6935E4EBCAC}.Debug|Any CPU.ActiveCfg = Debug|Any CPU
		{C46ED3F9-277E-4945-8FF1-A6935E4EBCAC}.Debug|Any CPU.Build.0 = Debug|Any CPU
		{C46ED3F9-277E-4945-8FF1-A6935E4EBCAC}.Release|Any CPU.ActiveCfg = Release|Any CPU
		{C46ED3F9-277E-4945-8FF1-A6935E4EBCAC}.Release|Any CPU.Build.0 = Release|Any CPU
	EndGlobalSection
	GlobalSection(SolutionProperties) = preSolution
		HideSolutionNode = FALSE
	EndGlobalSection
	GlobalSection(ExtensibilityGlobals) = postSolution
		SolutionGuid = {65E24FF8-2786-4B71-AC02-D8C2077291A2}
	EndGlobalSection
EndGlobal
